// !$*UTF8*$!
{
	archiveVersion = 1;
	classes = {
	};
	objectVersion = 77;
	objects = {

/* Begin PBXBuildFile section */
		019E03ACEF0ED926677136C1 /* statuspage_status_maintenance.json in Resources */ = {isa = PBXBuildFile; fileRef = B897175BEAF1E42B6E0B0F85 /* statuspage_status_maintenance.json */; };
		01EE927C2965514E4F2D146B /* statuspage_unresolved_empty.json in Resources */ = {isa = PBXBuildFile; fileRef = B9CA587732273B2B900362F3 /* statuspage_unresolved_empty.json */; };
		02B937A788B0949D6CD929F8 /* incidentio_v2_status.json in Resources */ = {isa = PBXBuildFile; fileRef = 911D7F245496018836038572 /* incidentio_v2_status.json */; };
		0625002F9A11190B9D334B83 /* Assets.xcassets in Resources */ = {isa = PBXBuildFile; fileRef = 8F449D85C0129945C7A93E9B /* Assets.xcassets */; };
		10A8D4B1C845516961F35418 /* microsoft_feed_mac_degraded.rss in Resources */ = {isa = PBXBuildFile; fileRef = B8351662B44E017D9201883A /* microsoft_feed_mac_degraded.rss */; };
		11E8210F2A7ADCE9811B788E /* StatuspageAdapter.swift in Sources */ = {isa = PBXBuildFile; fileRef = 0042A9C414A53C96493A19D2 /* StatuspageAdapter.swift */; };
		1A79C348A94288DA040F9D6A /* Verdict.swift in Sources */ = {isa = PBXBuildFile; fileRef = 5D927DC082117A0D65CC21F7 /* Verdict.swift */; };
		1CBFFAF05F8D27E8392AB9D2 /* Vendor.swift in Sources */ = {isa = PBXBuildFile; fileRef = 857B97B44AE9EB92718BD019 /* Vendor.swift */; };
		200E79713355FF1F8B8A1C37 /* IncidentIOAdapterTests.swift in Sources */ = {isa = PBXBuildFile; fileRef = C56E69187762AE9463C6CAFA /* IncidentIOAdapterTests.swift */; };
		282C5D86190596D74739BC2D /* statuspage_status_none.json in Resources */ = {isa = PBXBuildFile; fileRef = 54D63F2092381EE716F8B62F /* statuspage_status_none.json */; };
		32C26583A7227A83D292BAC8 /* AppDelegate.swift in Sources */ = {isa = PBXBuildFile; fileRef = 280DF36E9C9DD32224328553 /* AppDelegate.swift */; };
		3E413B7638C72408F8A868AF /* StatusFeedAdapter.swift in Sources */ = {isa = PBXBuildFile; fileRef = 2FAD63D175E7031BFF099846 /* StatusFeedAdapter.swift */; };
		4F029D49653163CA327B2C0A /* incidentio_v1_summary_major.json in Resources */ = {isa = PBXBuildFile; fileRef = AA36EECD6BD39843B862C7F1 /* incidentio_v1_summary_major.json */; };
		502D5E685870A09458311810 /* Probe.swift in Sources */ = {isa = PBXBuildFile; fileRef = 18BF0C8E2CACA8E605FFEAF6 /* Probe.swift */; };
		51A978D0E62642CF9C5ED54D /* HTTPClient.swift in Sources */ = {isa = PBXBuildFile; fileRef = 69F4D939E5C7446778A08675 /* HTTPClient.swift */; };
		5E66C47EB8CD039F71519657 /* statuspage_status_major.json in Resources */ = {isa = PBXBuildFile; fileRef = 491DC5127920E76C70F25051 /* statuspage_status_major.json */; };
		637671636A67A8BC3442AB7F /* MockURLProtocol.swift in Sources */ = {isa = PBXBuildFile; fileRef = 671B020207E024A511D8389D /* MockURLProtocol.swift */; };
		66171ADD5A88E888F72A0502 /* incidentio_proxy_summary_none.json in Resources */ = {isa = PBXBuildFile; fileRef = 6A1E8898D4ACE89E149B3685 /* incidentio_proxy_summary_none.json */; };
		6D8C6D2FEDB9562A2D3A82B7 /* statuspage_unresolved_critical.json in Resources */ = {isa = PBXBuildFile; fileRef = 054F39554F9CF37CC43C83D1 /* statuspage_unresolved_critical.json */; };
		6E4DE7B093F03A87DA7BE43E /* statuspage_history.atom in Resources */ = {isa = PBXBuildFile; fileRef = 4BB1EA7E614BD1194EF1C710 /* statuspage_history.atom */; };
		6F37FFBBA68FB1D7DA8C9958 /* PlatformDetector.swift in Sources */ = {isa = PBXBuildFile; fileRef = EF249BE481FE7D02043E3F43 /* PlatformDetector.swift */; };
		72478F8E5F6E835355E854FB /* microsoft_feed_mac_available.rss in Resources */ = {isa = PBXBuildFile; fileRef = 135F4AA3A7DA5D812CB8734B /* microsoft_feed_mac_available.rss */; };
		7400D7CF159F6B8008ABFE7F /* VerdictEngine.swift in Sources */ = {isa = PBXBuildFile; fileRef = 4478820CB473A1B5900C462F /* VerdictEngine.swift */; };
		7E0F3DEC8F4F0C912FDD1392 /* statuspage_status_critical.json in Resources */ = {isa = PBXBuildFile; fileRef = 5ACE025A983602D7F7B3D135 /* statuspage_status_critical.json */; };
		7F375D59692A8EC53CFADD70 /* statuspage_history.rss in Resources */ = {isa = PBXBuildFile; fileRef = ED60CF3EBE0586578AE15C32 /* statuspage_history.rss */; };
		864AFBFEC3D91D56CD1FC861 /* DateParsing.swift in Sources */ = {isa = PBXBuildFile; fileRef = 31B19FA4FF15E2CAD312561E /* DateParsing.swift */; };
		869421C292CC16681FD192EC /* incidentio_v1_summary_degraded.json in Resources */ = {isa = PBXBuildFile; fileRef = 68266EE0C56C609214771FB0 /* incidentio_v1_summary_degraded.json */; };
		891AE80F777D00C3040909C4 /* statuspage_maintenance_active.json in Resources */ = {isa = PBXBuildFile; fileRef = F5E1060D442F6CFC052BCA9D /* statuspage_maintenance_active.json */; };
		8985E17E2D2B82542D01FA34 /* incidentio_v1_summary_none.json in Resources */ = {isa = PBXBuildFile; fileRef = 64A1C04585B498301E4908F1 /* incidentio_v1_summary_none.json */; };
		898845AABED9F048BD351210 /* statuspage_unresolved_minor.json in Resources */ = {isa = PBXBuildFile; fileRef = 39E7F9D99E381FA73D777C96 /* statuspage_unresolved_minor.json */; };
		995E696411840539EC188AF5 /* VendorState.swift in Sources */ = {isa = PBXBuildFile; fileRef = B273EAD48E44F1C2A414394C /* VendorState.swift */; };
		A018444C706FAE9BA492D194 /* statuspage_maintenance_empty.json in Resources */ = {isa = PBXBuildFile; fileRef = F7FE39564C71AC7582731442 /* statuspage_maintenance_empty.json */; };
		A770018F49CC55133FD8930E /* StackStatusApp.swift in Sources */ = {isa = PBXBuildFile; fileRef = DA02829E34CAE7E9696910F4 /* StackStatusApp.swift */; };
		AA9062A592CC2B06A50579E1 /* incidentio_incident_resolved.json in Resources */ = {isa = PBXBuildFile; fileRef = 294597CDABD436FA07453B19 /* incidentio_incident_resolved.json */; };
		B47196CD03E6B61D309285F0 /* incidentio_v1_summary_partial.json in Resources */ = {isa = PBXBuildFile; fileRef = 3934BC13C3EA95A728D8C38F /* incidentio_v1_summary_partial.json */; };
		B6FB288D04A36131DFB123E1 /* statuspage_summary_none.json in Resources */ = {isa = PBXBuildFile; fileRef = 060450CE37A0240D7C5D9C5B /* statuspage_summary_none.json */; };
		BDA078CC6FB02BB18FF6120B /* Incident.swift in Sources */ = {isa = PBXBuildFile; fileRef = A381BDEFF95962304DF53BF5 /* Incident.swift */; };
		C1F4D1BC911B1A90DAED500A /* statuspage_status_minor.json in Resources */ = {isa = PBXBuildFile; fileRef = E196756B17AEB8D43F3284F6 /* statuspage_status_minor.json */; };
		C417ED61DD7458842DEC912C /* DateParsingTests.swift in Sources */ = {isa = PBXBuildFile; fileRef = 2C15AA8C21C5344BECFD0114 /* DateParsingTests.swift */; };
		C6BFE2CC3D846AFCFEC31FDA /* incidentio_feed.atom in Resources */ = {isa = PBXBuildFile; fileRef = 812FAF155459D0A56D87C401 /* incidentio_feed.atom */; };
		C8732AA56E778583ADE6204C /* VendorTracker.swift in Sources */ = {isa = PBXBuildFile; fileRef = D55AE31E4B2E708DE4CAD74A /* VendorTracker.swift */; };
		CD05EB97DD711C7BBFBDB278 /* incidentio_v1_summary_maintenance.json in Resources */ = {isa = PBXBuildFile; fileRef = 47B0B3EACF3DE62AFF1385C8 /* incidentio_v1_summary_maintenance.json */; };
		D421BD4DF69ECA845AA9E488 /* statuspage_unresolved_major.json in Resources */ = {isa = PBXBuildFile; fileRef = 83FDADCD730AD12647F0DBB3 /* statuspage_unresolved_major.json */; };
		D54FAC25820D0AD992B5D50A /* VendorTrackerTests.swift in Sources */ = {isa = PBXBuildFile; fileRef = 81B2D7680DD2BCAC0BD4D97E /* VendorTrackerTests.swift */; };
		E9DD490E1C73FC51DD5E50B9 /* IncidentIOAdapter.swift in Sources */ = {isa = PBXBuildFile; fileRef = E438A7965FE33E5FF22AB632 /* IncidentIOAdapter.swift */; };
		EDA502DAEBE67A22374F1EC2 /* incidentio_proxy_summary_partial.json in Resources */ = {isa = PBXBuildFile; fileRef = 1E1921398E169E6CFFAFE2A7 /* incidentio_proxy_summary_partial.json */; };
		F137F5784F50B810763CDDA5 /* VerdictEngineTests.swift in Sources */ = {isa = PBXBuildFile; fileRef = F1776275D2D14BFFA6A38559 /* VerdictEngineTests.swift */; };
		F1C7B3CB72A11260990BA00B /* StatuspageAdapterTests.swift in Sources */ = {isa = PBXBuildFile; fileRef = D34CE54C406951CB8F3D4CA7 /* StatuspageAdapterTests.swift */; };
		F3C5310FE0BDDDF3520CFB46 /* PlatformDetectorTests.swift in Sources */ = {isa = PBXBuildFile; fileRef = 0E5496921F1DAB86927AF9AA /* PlatformDetectorTests.swift */; };
		F71E38AAF1FF1EFEFBA0E4C8 /* FeedAdapterTests.swift in Sources */ = {isa = PBXBuildFile; fileRef = 20DAB5896879DEC28DF016B0 /* FeedAdapterTests.swift */; };
		FA40BBD0A64063626E784D50 /* FeedAdapter.swift in Sources */ = {isa = PBXBuildFile; fileRef = 708C202759591D0A039CA044 /* FeedAdapter.swift */; };
/* End PBXBuildFile section */

/* Begin PBXContainerItemProxy section */
		9F9BB0E171A0A5AC1A1EA75D /* PBXContainerItemProxy */ = {
			isa = PBXContainerItemProxy;
			containerPortal = 2FD286E76A6EAA7ECCCA5C75 /* Project object */;
			proxyType = 1;
			remoteGlobalIDString = CEE851413C64E13EDC46B6CF;
			remoteInfo = StackStatus;
		};
/* End PBXContainerItemProxy section */

/* Begin PBXFileReference section */
		0042A9C414A53C96493A19D2 /* StatuspageAdapter.swift */ = {isa = PBXFileReference; lastKnownFileType = sourcecode.swift; path = StatuspageAdapter.swift; sourceTree = "<group>"; };
		054F39554F9CF37CC43C83D1 /* statuspage_unresolved_critical.json */ = {isa = PBXFileReference; lastKnownFileType = text.json; path = statuspage_unresolved_critical.json; sourceTree = "<group>"; };
		060450CE37A0240D7C5D9C5B /* statuspage_summary_none.json */ = {isa = PBXFileReference; lastKnownFileType = text.json; path = statuspage_summary_none.json; sourceTree = "<group>"; };
		0E5496921F1DAB86927AF9AA /* PlatformDetectorTests.swift */ = {isa = PBXFileReference; lastKnownFileType = sourcecode.swift; path = PlatformDetectorTests.swift; sourceTree = "<group>"; };
		135F4AA3A7DA5D812CB8734B /* microsoft_feed_mac_available.rss */ = {isa = PBXFileReference; path = microsoft_feed_mac_available.rss; sourceTree = "<group>"; };
		18BF0C8E2CACA8E605FFEAF6 /* Probe.swift */ = {isa = PBXFileReference; lastKnownFileType = sourcecode.swift; path = Probe.swift; sourceTree = "<group>"; };
		1E1921398E169E6CFFAFE2A7 /* incidentio_proxy_summary_partial.json */ = {isa = PBXFileReference; lastKnownFileType = text.json; path = incidentio_proxy_summary_partial.json; sourceTree = "<group>"; };
		20DAB5896879DEC28DF016B0 /* FeedAdapterTests.swift */ = {isa = PBXFileReference; lastKnownFileType = sourcecode.swift; path = FeedAdapterTests.swift; sourceTree = "<group>"; };
		280DF36E9C9DD32224328553 /* AppDelegate.swift */ = {isa = PBXFileReference; lastKnownFileType = sourcecode.swift; path = AppDelegate.swift; sourceTree = "<group>"; };
		294597CDABD436FA07453B19 /* incidentio_incident_resolved.json */ = {isa = PBXFileReference; lastKnownFileType = text.json; path = incidentio_incident_resolved.json; sourceTree = "<group>"; };
		2C15AA8C21C5344BECFD0114 /* DateParsingTests.swift */ = {isa = PBXFileReference; lastKnownFileType = sourcecode.swift; path = DateParsingTests.swift; sourceTree = "<group>"; };
		2FAD63D175E7031BFF099846 /* StatusFeedAdapter.swift */ = {isa = PBXFileReference; lastKnownFileType = sourcecode.swift; path = StatusFeedAdapter.swift; sourceTree = "<group>"; };
		31B19FA4FF15E2CAD312561E /* DateParsing.swift */ = {isa = PBXFileReference; lastKnownFileType = sourcecode.swift; path = DateParsing.swift; sourceTree = "<group>"; };
		3934BC13C3EA95A728D8C38F /* incidentio_v1_summary_partial.json */ = {isa = PBXFileReference; lastKnownFileType = text.json; path = incidentio_v1_summary_partial.json; sourceTree = "<group>"; };
		39E7F9D99E381FA73D777C96 /* statuspage_unresolved_minor.json */ = {isa = PBXFileReference; lastKnownFileType = text.json; path = statuspage_unresolved_minor.json; sourceTree = "<group>"; };
		41FECC437CD8C9888A1767CC /* StackStatus.entitlements */ = {isa = PBXFileReference; lastKnownFileType = text.plist.entitlements; path = StackStatus.entitlements; sourceTree = "<group>"; };
		4478820CB473A1B5900C462F /* VerdictEngine.swift */ = {isa = PBXFileReference; lastKnownFileType = sourcecode.swift; path = VerdictEngine.swift; sourceTree = "<group>"; };
		47B0B3EACF3DE62AFF1385C8 /* incidentio_v1_summary_maintenance.json */ = {isa = PBXFileReference; lastKnownFileType = text.json; path = incidentio_v1_summary_maintenance.json; sourceTree = "<group>"; };
		491DC5127920E76C70F25051 /* statuspage_status_major.json */ = {isa = PBXFileReference; lastKnownFileType = text.json; path = statuspage_status_major.json; sourceTree = "<group>"; };
		4BB1EA7E614BD1194EF1C710 /* statuspage_history.atom */ = {isa = PBXFileReference; path = statuspage_history.atom; sourceTree = "<group>"; };
		4F53072E7DD5DAC1421C7BBB /* StackStatusTests.xctest */ = {isa = PBXFileReference; explicitFileType = wrapper.cfbundle; includeInIndex = 0; path = StackStatusTests.xctest; sourceTree = BUILT_PRODUCTS_DIR; };
		54D63F2092381EE716F8B62F /* statuspage_status_none.json */ = {isa = PBXFileReference; lastKnownFileType = text.json; path = statuspage_status_none.json; sourceTree = "<group>"; };
		5ACE025A983602D7F7B3D135 /* statuspage_status_critical.json */ = {isa = PBXFileReference; lastKnownFileType = text.json; path = statuspage_status_critical.json; sourceTree = "<group>"; };
		5D927DC082117A0D65CC21F7 /* Verdict.swift */ = {isa = PBXFileReference; lastKnownFileType = sourcecode.swift; path = Verdict.swift; sourceTree = "<group>"; };
		64A1C04585B498301E4908F1 /* incidentio_v1_summary_none.json */ = {isa = PBXFileReference; lastKnownFileType = text.json; path = incidentio_v1_summary_none.json; sourceTree = "<group>"; };
		671B020207E024A511D8389D /* MockURLProtocol.swift */ = {isa = PBXFileReference; lastKnownFileType = sourcecode.swift; path = MockURLProtocol.swift; sourceTree = "<group>"; };
		68266EE0C56C609214771FB0 /* incidentio_v1_summary_degraded.json */ = {isa = PBXFileReference; lastKnownFileType = text.json; path = incidentio_v1_summary_degraded.json; sourceTree = "<group>"; };
		69F4D939E5C7446778A08675 /* HTTPClient.swift */ = {isa = PBXFileReference; lastKnownFileType = sourcecode.swift; path = HTTPClient.swift; sourceTree = "<group>"; };
		6A1E8898D4ACE89E149B3685 /* incidentio_proxy_summary_none.json */ = {isa = PBXFileReference; lastKnownFileType = text.json; path = incidentio_proxy_summary_none.json; sourceTree = "<group>"; };
		708C202759591D0A039CA044 /* FeedAdapter.swift */ = {isa = PBXFileReference; lastKnownFileType = sourcecode.swift; path = FeedAdapter.swift; sourceTree = "<group>"; };
		80A3089EF745FA2113B3B334 /* StackStatus.app */ = {isa = PBXFileReference; explicitFileType = wrapper.application; includeInIndex = 0; path = StackStatus.app; sourceTree = BUILT_PRODUCTS_DIR; };
		812FAF155459D0A56D87C401 /* incidentio_feed.atom */ = {isa = PBXFileReference; path = incidentio_feed.atom; sourceTree = "<group>"; };
		81B2D7680DD2BCAC0BD4D97E /* VendorTrackerTests.swift */ = {isa = PBXFileReference; lastKnownFileType = sourcecode.swift; path = VendorTrackerTests.swift; sourceTree = "<group>"; };
		83FDADCD730AD12647F0DBB3 /* statuspage_unresolved_major.json */ = {isa = PBXFileReference; lastKnownFileType = text.json; path = statuspage_unresolved_major.json; sourceTree = "<group>"; };
		857B97B44AE9EB92718BD019 /* Vendor.swift */ = {isa = PBXFileReference; lastKnownFileType = sourcecode.swift; path = Vendor.swift; sourceTree = "<group>"; };
		8F449D85C0129945C7A93E9B /* Assets.xcassets */ = {isa = PBXFileReference; lastKnownFileType = folder.assetcatalog; path = Assets.xcassets; sourceTree = "<group>"; };
		911D7F245496018836038572 /* incidentio_v2_status.json */ = {isa = PBXFileReference; lastKnownFileType = text.json; path = incidentio_v2_status.json; sourceTree = "<group>"; };
		A381BDEFF95962304DF53BF5 /* Incident.swift */ = {isa = PBXFileReference; lastKnownFileType = sourcecode.swift; path = Incident.swift; sourceTree = "<group>"; };
		AA36EECD6BD39843B862C7F1 /* incidentio_v1_summary_major.json */ = {isa = PBXFileReference; lastKnownFileType = text.json; path = incidentio_v1_summary_major.json; sourceTree = "<group>"; };
		B273EAD48E44F1C2A414394C /* VendorState.swift */ = {isa = PBXFileReference; lastKnownFileType = sourcecode.swift; path = VendorState.swift; sourceTree = "<group>"; };
		B8351662B44E017D9201883A /* microsoft_feed_mac_degraded.rss */ = {isa = PBXFileReference; path = microsoft_feed_mac_degraded.rss; sourceTree = "<group>"; };
		B897175BEAF1E42B6E0B0F85 /* statuspage_status_maintenance.json */ = {isa = PBXFileReference; lastKnownFileType = text.json; path = statuspage_status_maintenance.json; sourceTree = "<group>"; };
		B9CA587732273B2B900362F3 /* statuspage_unresolved_empty.json */ = {isa = PBXFileReference; lastKnownFileType = text.json; path = statuspage_unresolved_empty.json; sourceTree = "<group>"; };
		C56E69187762AE9463C6CAFA /* IncidentIOAdapterTests.swift */ = {isa = PBXFileReference; lastKnownFileType = sourcecode.swift; path = IncidentIOAdapterTests.swift; sourceTree = "<group>"; };
		D34CE54C406951CB8F3D4CA7 /* StatuspageAdapterTests.swift */ = {isa = PBXFileReference; lastKnownFileType = sourcecode.swift; path = StatuspageAdapterTests.swift; sourceTree = "<group>"; };
		D55AE31E4B2E708DE4CAD74A /* VendorTracker.swift */ = {isa = PBXFileReference; lastKnownFileType = sourcecode.swift; path = VendorTracker.swift; sourceTree = "<group>"; };
		DA02829E34CAE7E9696910F4 /* StackStatusApp.swift */ = {isa = PBXFileReference; lastKnownFileType = sourcecode.swift; path = StackStatusApp.swift; sourceTree = "<group>"; };
		E196756B17AEB8D43F3284F6 /* statuspage_status_minor.json */ = {isa = PBXFileReference; lastKnownFileType = text.json; path = statuspage_status_minor.json; sourceTree = "<group>"; };
		E438A7965FE33E5FF22AB632 /* IncidentIOAdapter.swift */ = {isa = PBXFileReference; lastKnownFileType = sourcecode.swift; path = IncidentIOAdapter.swift; sourceTree = "<group>"; };
		ED60CF3EBE0586578AE15C32 /* statuspage_history.rss */ = {isa = PBXFileReference; path = statuspage_history.rss; sourceTree = "<group>"; };
		EF249BE481FE7D02043E3F43 /* PlatformDetector.swift */ = {isa = PBXFileReference; lastKnownFileType = sourcecode.swift; path = PlatformDetector.swift; sourceTree = "<group>"; };
		F1776275D2D14BFFA6A38559 /* VerdictEngineTests.swift */ = {isa = PBXFileReference; lastKnownFileType = sourcecode.swift; path = VerdictEngineTests.swift; sourceTree = "<group>"; };
		F5E1060D442F6CFC052BCA9D /* statuspage_maintenance_active.json */ = {isa = PBXFileReference; lastKnownFileType = text.json; path = statuspage_maintenance_active.json; sourceTree = "<group>"; };
		F7FE39564C71AC7582731442 /* statuspage_maintenance_empty.json */ = {isa = PBXFileReference; lastKnownFileType = text.json; path = statuspage_maintenance_empty.json; sourceTree = "<group>"; };
/* End PBXFileReference section */

/* Begin PBXGroup section */
		0D6D43CCF3F9B68BBE0A062C /* Fixtures */ = {
			isa = PBXGroup;
			children = (
				812FAF155459D0A56D87C401 /* incidentio_feed.atom */,
				294597CDABD436FA07453B19 /* incidentio_incident_resolved.json */,
				6A1E8898D4ACE89E149B3685 /* incidentio_proxy_summary_none.json */,
				1E1921398E169E6CFFAFE2A7 /* incidentio_proxy_summary_partial.json */,
				68266EE0C56C609214771FB0 /* incidentio_v1_summary_degraded.json */,
				47B0B3EACF3DE62AFF1385C8 /* incidentio_v1_summary_maintenance.json */,
				AA36EECD6BD39843B862C7F1 /* incidentio_v1_summary_major.json */,
				64A1C04585B498301E4908F1 /* incidentio_v1_summary_none.json */,
				3934BC13C3EA95A728D8C38F /* incidentio_v1_summary_partial.json */,
				911D7F245496018836038572 /* incidentio_v2_status.json */,
				135F4AA3A7DA5D812CB8734B /* microsoft_feed_mac_available.rss */,
				B8351662B44E017D9201883A /* microsoft_feed_mac_degraded.rss */,
				4BB1EA7E614BD1194EF1C710 /* statuspage_history.atom */,
				ED60CF3EBE0586578AE15C32 /* statuspage_history.rss */,
				F5E1060D442F6CFC052BCA9D /* statuspage_maintenance_active.json */,
				F7FE39564C71AC7582731442 /* statuspage_maintenance_empty.json */,
				5ACE025A983602D7F7B3D135 /* statuspage_status_critical.json */,
				B897175BEAF1E42B6E0B0F85 /* statuspage_status_maintenance.json */,
				491DC5127920E76C70F25051 /* statuspage_status_major.json */,
				E196756B17AEB8D43F3284F6 /* statuspage_status_minor.json */,
				54D63F2092381EE716F8B62F /* statuspage_status_none.json */,
				060450CE37A0240D7C5D9C5B /* statuspage_summary_none.json */,
				054F39554F9CF37CC43C83D1 /* statuspage_unresolved_critical.json */,
				B9CA587732273B2B900362F3 /* statuspage_unresolved_empty.json */,
				83FDADCD730AD12647F0DBB3 /* statuspage_unresolved_major.json */,
				39E7F9D99E381FA73D777C96 /* statuspage_unresolved_minor.json */,
			);
			path = Fixtures;
			sourceTree = "<group>";
		};
		1D4CD7320A06FC7F8B07B792 /* Resources */ = {
			isa = PBXGroup;
			children = (
				8F449D85C0129945C7A93E9B /* Assets.xcassets */,
				41FECC437CD8C9888A1767CC /* StackStatus.entitlements */,
			);
			path = Resources;
			sourceTree = "<group>";
		};
		230CD04E8D10C4163C2A7DA7 /* Models */ = {
			isa = PBXGroup;
			children = (
				A381BDEFF95962304DF53BF5 /* Incident.swift */,
				18BF0C8E2CACA8E605FFEAF6 /* Probe.swift */,
				857B97B44AE9EB92718BD019 /* Vendor.swift */,
				B273EAD48E44F1C2A414394C /* VendorState.swift */,
				5D927DC082117A0D65CC21F7 /* Verdict.swift */,
			);
			path = Models;
			sourceTree = "<group>";
		};
		35DCEC8543CF40160555A781 /* Core */ = {
			isa = PBXGroup;
			children = (
				F9D61F476082CEFA597765A1 /* Adapters */,
				74336B7818A3249D70E40196 /* Engine */,
				230CD04E8D10C4163C2A7DA7 /* Models */,
				BA1AAAAEAB4D43B6863056AC /* Persistence */,
				AD212A5612F32EA023B90AED /* Probes */,
			);
			path = Core;
			sourceTree = "<group>";
		};
		3846409626A23AC974CD0DB9 /* Support */ = {
			isa = PBXGroup;
			children = (
				671B020207E024A511D8389D /* MockURLProtocol.swift */,
			);
			path = Support;
			sourceTree = "<group>";
		};
		670449000C01163AD930BE55 /* UI */ = {
			isa = PBXGroup;
			children = (
			);
			path = UI;
			sourceTree = "<group>";
		};
		74336B7818A3249D70E40196 /* Engine */ = {
			isa = PBXGroup;
			children = (
				D55AE31E4B2E708DE4CAD74A /* VendorTracker.swift */,
				4478820CB473A1B5900C462F /* VerdictEngine.swift */,
			);
			path = Engine;
			sourceTree = "<group>";
		};
		795974FAEFACFDF0CBA8230A /* StackStatusTests */ = {
			isa = PBXGroup;
			children = (
				2C15AA8C21C5344BECFD0114 /* DateParsingTests.swift */,
				20DAB5896879DEC28DF016B0 /* FeedAdapterTests.swift */,
				C56E69187762AE9463C6CAFA /* IncidentIOAdapterTests.swift */,
				0E5496921F1DAB86927AF9AA /* PlatformDetectorTests.swift */,
				D34CE54C406951CB8F3D4CA7 /* StatuspageAdapterTests.swift */,
				81B2D7680DD2BCAC0BD4D97E /* VendorTrackerTests.swift */,
				F1776275D2D14BFFA6A38559 /* VerdictEngineTests.swift */,
				0D6D43CCF3F9B68BBE0A062C /* Fixtures */,
				3846409626A23AC974CD0DB9 /* Support */,
			);
			path = StackStatusTests;
			sourceTree = "<group>";
		};
		79F2BC60A4AE1E45EB3571E4 /* App */ = {
			isa = PBXGroup;
			children = (
				280DF36E9C9DD32224328553 /* AppDelegate.swift */,
				DA02829E34CAE7E9696910F4 /* StackStatusApp.swift */,
			);
			path = App;
			sourceTree = "<group>";
		};
		AD212A5612F32EA023B90AED /* Probes */ = {
			isa = PBXGroup;
			children = (
			);
			path = Probes;
			sourceTree = "<group>";
		};
		B1487FEACCDFECDA00B8FFA5 = {
			isa = PBXGroup;
			children = (
				E0D64E0F520107551FE9A412 /* StackStatus */,
				795974FAEFACFDF0CBA8230A /* StackStatusTests */,
				F7EFE67CCDCEDDBA6592CABF /* Products */,
			);
			sourceTree = "<group>";
		};
		BA1AAAAEAB4D43B6863056AC /* Persistence */ = {
			isa = PBXGroup;
			children = (
				69F4D939E5C7446778A08675 /* HTTPClient.swift */,
			);
			path = Persistence;
			sourceTree = "<group>";
		};
		E0D64E0F520107551FE9A412 /* StackStatus */ = {
			isa = PBXGroup;
			children = (
				79F2BC60A4AE1E45EB3571E4 /* App */,
				35DCEC8543CF40160555A781 /* Core */,
				1D4CD7320A06FC7F8B07B792 /* Resources */,
				670449000C01163AD930BE55 /* UI */,
			);
			path = StackStatus;
			sourceTree = "<group>";
		};
		F7EFE67CCDCEDDBA6592CABF /* Products */ = {
			isa = PBXGroup;
			children = (
				80A3089EF745FA2113B3B334 /* StackStatus.app */,
				4F53072E7DD5DAC1421C7BBB /* StackStatusTests.xctest */,
			);
			name = Products;
			sourceTree = "<group>";
		};
		F9D61F476082CEFA597765A1 /* Adapters */ = {
			isa = PBXGroup;
			children = (
				31B19FA4FF15E2CAD312561E /* DateParsing.swift */,
				708C202759591D0A039CA044 /* FeedAdapter.swift */,
				E438A7965FE33E5FF22AB632 /* IncidentIOAdapter.swift */,
				EF249BE481FE7D02043E3F43 /* PlatformDetector.swift */,
				2FAD63D175E7031BFF099846 /* StatusFeedAdapter.swift */,
				0042A9C414A53C96493A19D2 /* StatuspageAdapter.swift */,
			);
			path = Adapters;
			sourceTree = "<group>";
		};
/* End PBXGroup section */

/* Begin PBXNativeTarget section */
		A771B921E78D2721205BCDED /* StackStatusTests */ = {
			isa = PBXNativeTarget;
			buildConfigurationList = 126962518671122F25E380F8 /* Build configuration list for PBXNativeTarget "StackStatusTests" */;
			buildPhases = (
				D0A3D176F49442CB087C0D68 /* Sources */,
				DDFCEE9B60B3C60F73B7E178 /* Resources */,
			);
			buildRules = (
			);
			dependencies = (
				1B628CE0C24A77E59016ABF6 /* PBXTargetDependency */,
			);
			name = StackStatusTests;
			packageProductDependencies = (
			);
			productName = StackStatusTests;
			productReference = 4F53072E7DD5DAC1421C7BBB /* StackStatusTests.xctest */;
			productType = "com.apple.product-type.bundle.unit-test";
		};
		CEE851413C64E13EDC46B6CF /* StackStatus */ = {
			isa = PBXNativeTarget;
			buildConfigurationList = BDC3F90BE3AAEB8D10BCCEBE /* Build configuration list for PBXNativeTarget "StackStatus" */;
			buildPhases = (
				4B535F0AED5774E3CFCA3288 /* Merge vendor definitions */,
				C032735F430B3811C0AC89C6 /* Sources */,
				AB825C0962A4EC2697937C47 /* Copy merged vendors.json into bundle */,
				F00B00258047771CE87A0B4A /* Resources */,
			);
			buildRules = (
			);
			dependencies = (
			);
			name = StackStatus;
			packageProductDependencies = (
			);
			productName = StackStatus;
			productReference = 80A3089EF745FA2113B3B334 /* StackStatus.app */;
			productType = "com.apple.product-type.application";
		};
/* End PBXNativeTarget section */

/* Begin PBXProject section */
		2FD286E76A6EAA7ECCCA5C75 /* Project object */ = {
			isa = PBXProject;
			attributes = {
				BuildIndependentTargetsInParallel = YES;
				LastUpgradeCheck = 1500;
				TargetAttributes = {
					A771B921E78D2721205BCDED = {
						DevelopmentTeam = DFL38M27U3;
						ProvisioningStyle = Automatic;
					};
					CEE851413C64E13EDC46B6CF = {
						DevelopmentTeam = DFL38M27U3;
						ProvisioningStyle = Automatic;
					};
				};
			};
			buildConfigurationList = F7E8CCCF42F21CAC81032790 /* Build configuration list for PBXProject "StackStatus" */;
			developmentRegion = en;
			hasScannedForEncodings = 0;
			knownRegions = (
				Base,
				en,
			);
			mainGroup = B1487FEACCDFECDA00B8FFA5;
			minimizedProjectReferenceProxies = 1;
			preferredProjectObjectVersion = 77;
			productRefGroup = F7EFE67CCDCEDDBA6592CABF /* Products */;
			projectDirPath = "";
			projectRoot = "";
			targets = (
				CEE851413C64E13EDC46B6CF /* StackStatus */,
				A771B921E78D2721205BCDED /* StackStatusTests */,
			);
		};
/* End PBXProject section */

/* Begin PBXResourcesBuildPhase section */
		DDFCEE9B60B3C60F73B7E178 /* Resources */ = {
			isa = PBXResourcesBuildPhase;
			buildActionMask = 2147483647;
			files = (
				C6BFE2CC3D846AFCFEC31FDA /* incidentio_feed.atom in Resources */,
				AA9062A592CC2B06A50579E1 /* incidentio_incident_resolved.json in Resources */,
				66171ADD5A88E888F72A0502 /* incidentio_proxy_summary_none.json in Resources */,
				EDA502DAEBE67A22374F1EC2 /* incidentio_proxy_summary_partial.json in Resources */,
				869421C292CC16681FD192EC /* incidentio_v1_summary_degraded.json in Resources */,
				CD05EB97DD711C7BBFBDB278 /* incidentio_v1_summary_maintenance.json in Resources */,
				4F029D49653163CA327B2C0A /* incidentio_v1_summary_major.json in Resources */,
				8985E17E2D2B82542D01FA34 /* incidentio_v1_summary_none.json in Resources */,
				B47196CD03E6B61D309285F0 /* incidentio_v1_summary_partial.json in Resources */,
				02B937A788B0949D6CD929F8 /* incidentio_v2_status.json in Resources */,
				72478F8E5F6E835355E854FB /* microsoft_feed_mac_available.rss in Resources */,
				10A8D4B1C845516961F35418 /* microsoft_feed_mac_degraded.rss in Resources */,
				6E4DE7B093F03A87DA7BE43E /* statuspage_history.atom in Resources */,
				7F375D59692A8EC53CFADD70 /* statuspage_history.rss in Resources */,
				891AE80F777D00C3040909C4 /* statuspage_maintenance_active.json in Resources */,
				A018444C706FAE9BA492D194 /* statuspage_maintenance_empty.json in Resources */,
				7E0F3DEC8F4F0C912FDD1392 /* statuspage_status_critical.json in Resources */,
				019E03ACEF0ED926677136C1 /* statuspage_status_maintenance.json in Resources */,
				5E66C47EB8CD039F71519657 /* statuspage_status_major.json in Resources */,
				C1F4D1BC911B1A90DAED500A /* statuspage_status_minor.json in Resources */,
				282C5D86190596D74739BC2D /* statuspage_status_none.json in Resources */,
				B6FB288D04A36131DFB123E1 /* statuspage_summary_none.json in Resources */,
				6D8C6D2FEDB9562A2D3A82B7 /* statuspage_unresolved_critical.json in Resources */,
				01EE927C2965514E4F2D146B /* statuspage_unresolved_empty.json in Resources */,
				D421BD4DF69ECA845AA9E488 /* statuspage_unresolved_major.json in Resources */,
				898845AABED9F048BD351210 /* statuspage_unresolved_minor.json in Resources */,
			);
			runOnlyForDeploymentPostprocessing = 0;
		};
		F00B00258047771CE87A0B4A /* Resources */ = {
			isa = PBXResourcesBuildPhase;
			buildActionMask = 2147483647;
			files = (
				0625002F9A11190B9D334B83 /* Assets.xcassets in Resources */,
			);
			runOnlyForDeploymentPostprocessing = 0;
		};
/* End PBXResourcesBuildPhase section */

/* Begin PBXShellScriptBuildPhase section */
		4B535F0AED5774E3CFCA3288 /* Merge vendor definitions */ = {
			isa = PBXShellScriptBuildPhase;
			buildActionMask = 2147483647;
			files = (
			);
			inputFileListPaths = (
			);
			inputPaths = (
				"$(SRCROOT)/Scripts/merge-vendors.sh",
			);
			name = "Merge vendor definitions";
			outputFileListPaths = (
			);
			outputPaths = (
				"$(DERIVED_FILE_DIR)/vendors.json",
			);
			runOnlyForDeploymentPostprocessing = 0;
			shellPath = /bin/sh;
			shellScript = "\"$SRCROOT/Scripts/merge-vendors.sh\" \"$SRCROOT/vendors\" \"$DERIVED_FILE_DIR/vendors.json\"\n";
		};
		AB825C0962A4EC2697937C47 /* Copy merged vendors.json into bundle */ = {
			isa = PBXShellScriptBuildPhase;
			buildActionMask = 2147483647;
			files = (
			);
			inputFileListPaths = (
			);
			inputPaths = (
				"$(DERIVED_FILE_DIR)/vendors.json",
			);
			name = "Copy merged vendors.json into bundle";
			outputFileListPaths = (
			);
			outputPaths = (
				"$(BUILT_PRODUCTS_DIR)/$(UNLOCALIZED_RESOURCES_FOLDER_PATH)/vendors.json",
			);
			runOnlyForDeploymentPostprocessing = 0;
			shellPath = /bin/sh;
			shellScript = "mkdir -p \"$BUILT_PRODUCTS_DIR/$UNLOCALIZED_RESOURCES_FOLDER_PATH\"\ncp \"$DERIVED_FILE_DIR/vendors.json\" \"$BUILT_PRODUCTS_DIR/$UNLOCALIZED_RESOURCES_FOLDER_PATH/vendors.json\"\n";
		};
/* End PBXShellScriptBuildPhase section */

/* Begin PBXSourcesBuildPhase section */
		C032735F430B3811C0AC89C6 /* Sources */ = {
			isa = PBXSourcesBuildPhase;
			buildActionMask = 2147483647;
			files = (
				32C26583A7227A83D292BAC8 /* AppDelegate.swift in Sources */,
				864AFBFEC3D91D56CD1FC861 /* DateParsing.swift in Sources */,
				FA40BBD0A64063626E784D50 /* FeedAdapter.swift in Sources */,
				51A978D0E62642CF9C5ED54D /* HTTPClient.swift in Sources */,
				BDA078CC6FB02BB18FF6120B /* Incident.swift in Sources */,
				E9DD490E1C73FC51DD5E50B9 /* IncidentIOAdapter.swift in Sources */,
				6F37FFBBA68FB1D7DA8C9958 /* PlatformDetector.swift in Sources */,
				502D5E685870A09458311810 /* Probe.swift in Sources */,
				A770018F49CC55133FD8930E /* StackStatusApp.swift in Sources */,
				3E413B7638C72408F8A868AF /* StatusFeedAdapter.swift in Sources */,
				11E8210F2A7ADCE9811B788E /* StatuspageAdapter.swift in Sources */,
				1CBFFAF05F8D27E8392AB9D2 /* Vendor.swift in Sources */,
				995E696411840539EC188AF5 /* VendorState.swift in Sources */,
				C8732AA56E778583ADE6204C /* VendorTracker.swift in Sources */,
				1A79C348A94288DA040F9D6A /* Verdict.swift in Sources */,
				7400D7CF159F6B8008ABFE7F /* VerdictEngine.swift in Sources */,
			);
			runOnlyForDeploymentPostprocessing = 0;
		};
		D0A3D176F49442CB087C0D68 /* Sources */ = {
			isa = PBXSourcesBuildPhase;
			buildActionMask = 2147483647;
			files = (
				C417ED61DD7458842DEC912C /* DateParsingTests.swift in Sources */,
				F71E38AAF1FF1EFEFBA0E4C8 /* FeedAdapterTests.swift in Sources */,
				200E79713355FF1F8B8A1C37 /* IncidentIOAdapterTests.swift in Sources */,
				637671636A67A8BC3442AB7F /* MockURLProtocol.swift in Sources */,
				F3C5310FE0BDDDF3520CFB46 /* PlatformDetectorTests.swift in Sources */,
				F1C7B3CB72A11260990BA00B /* StatuspageAdapterTests.swift in Sources */,
				D54FAC25820D0AD992B5D50A /* VendorTrackerTests.swift in Sources */,
				F137F5784F50B810763CDDA5 /* VerdictEngineTests.swift in Sources */,
			);
			runOnlyForDeploymentPostprocessing = 0;
		};
/* End PBXSourcesBuildPhase section */

/* Begin PBXTargetDependency section */
		1B628CE0C24A77E59016ABF6 /* PBXTargetDependency */ = {
			isa = PBXTargetDependency;
			target = CEE851413C64E13EDC46B6CF /* StackStatus */;
			targetProxy = 9F9BB0E171A0A5AC1A1EA75D /* PBXContainerItemProxy */;
		};
/* End PBXTargetDependency section */

/* Begin XCBuildConfiguration section */
		0FBE55A9C94E9728728715B4 /* Debug */ = {
			isa = XCBuildConfiguration;
			buildSettings = {
				ALWAYS_SEARCH_USER_PATHS = NO;
				CLANG_ANALYZER_NONNULL = YES;
				CLANG_ANALYZER_NUMBER_OBJECT_CONVERSION = YES_AGGRESSIVE;
				CLANG_CXX_LANGUAGE_STANDARD = "gnu++14";
				CLANG_CXX_LIBRARY = "libc++";
				CLANG_ENABLE_MODULES = YES;
				CLANG_ENABLE_OBJC_ARC = YES;
				CLANG_ENABLE_OBJC_WEAK = YES;
				CLANG_WARN_BLOCK_CAPTURE_AUTORELEASING = YES;
				CLANG_WARN_BOOL_CONVERSION = YES;
				CLANG_WARN_COMMA = YES;
				CLANG_WARN_CONSTANT_CONVERSION = YES;
				CLANG_WARN_DEPRECATED_OBJC_IMPLEMENTATIONS = YES;
				CLANG_WARN_DIRECT_OBJC_ISA_USAGE = YES_ERROR;
				CLANG_WARN_DOCUMENTATION_COMMENTS = YES;
				CLANG_WARN_EMPTY_BODY = YES;
				CLANG_WARN_ENUM_CONVERSION = YES;
				CLANG_WARN_INFINITE_RECURSION = YES;
				CLANG_WARN_INT_CONVERSION = YES;
				CLANG_WARN_NON_LITERAL_NULL_CONVERSION = YES;
				CLANG_WARN_OBJC_IMPLICIT_RETAIN_SELF = YES;
				CLANG_WARN_OBJC_LITERAL_CONVERSION = YES;
				CLANG_WARN_OBJC_ROOT_CLASS = YES_ERROR;
				CLANG_WARN_QUOTED_INCLUDE_IN_FRAMEWORK_HEADER = YES;
				CLANG_WARN_RANGE_LOOP_ANALYSIS = YES;
				CLANG_WARN_STRICT_PROTOTYPES = YES;
				CLANG_WARN_SUSPICIOUS_MOVE = YES;
				CLANG_WARN_UNGUARDED_AVAILABILITY = YES_AGGRESSIVE;
				CLANG_WARN_UNREACHABLE_CODE = YES;
				CLANG_WARN__DUPLICATE_METHOD_MATCH = YES;
				CODE_SIGN_STYLE = Automatic;
				COPY_PHASE_STRIP = NO;
				CURRENT_PROJECT_VERSION = 1;
				DEBUG_INFORMATION_FORMAT = dwarf;
				DEVELOPMENT_TEAM = DFL38M27U3;
				ENABLE_STRICT_OBJC_MSGSEND = YES;
				ENABLE_TESTABILITY = YES;
				ENABLE_USER_SCRIPT_SANDBOXING = NO;
				GCC_C_LANGUAGE_STANDARD = gnu11;
				GCC_DYNAMIC_NO_PIC = NO;
				GCC_NO_COMMON_BLOCKS = YES;
				GCC_OPTIMIZATION_LEVEL = 0;
				GCC_PREPROCESSOR_DEFINITIONS = (
					"$(inherited)",
					"DEBUG=1",
				);
				GCC_WARN_64_TO_32_BIT_CONVERSION = YES;
				GCC_WARN_ABOUT_RETURN_TYPE = YES_ERROR;
				GCC_WARN_UNDECLARED_SELECTOR = YES;
				GCC_WARN_UNINITIALIZED_AUTOS = YES_AGGRESSIVE;
				GCC_WARN_UNUSED_FUNCTION = YES;
				GCC_WARN_UNUSED_VARIABLE = YES;
				MACOSX_DEPLOYMENT_TARGET = 14.0;
				MARKETING_VERSION = 0.1.0;
				MTL_ENABLE_DEBUG_INFO = INCLUDE_SOURCE;
				MTL_FAST_MATH = YES;
				ONLY_ACTIVE_ARCH = YES;
				PRODUCT_NAME = "$(TARGET_NAME)";
				SDKROOT = macosx;
				SWIFT_ACTIVE_COMPILATION_CONDITIONS = DEBUG;
				SWIFT_OPTIMIZATION_LEVEL = "-Onone";
				SWIFT_STRICT_CONCURRENCY = complete;
				SWIFT_VERSION = 5.0;
			};
			name = Debug;
		};
		1B169234361E90698A9AB950 /* Debug */ = {
			isa = XCBuildConfiguration;
			buildSettings = {
				ASSETCATALOG_COMPILER_APPICON_NAME = AppIcon;
				CODE_SIGN_ENTITLEMENTS = StackStatus/Resources/StackStatus.entitlements;
				COMBINE_HIDPI_IMAGES = YES;
				ENABLE_HARDENED_RUNTIME = YES;
				INFOPLIST_FILE = StackStatus/Resources/Info.plist;
				LD_RUNPATH_SEARCH_PATHS = (
					"$(inherited)",
					"@executable_path/../Frameworks",
				);
				PRODUCT_BUNDLE_IDENTIFIER = com.helpfullyit.stackstatus;
				PRODUCT_NAME = StackStatus;
				SDKROOT = macosx;
				SWIFT_OBJC_BRIDGING_HEADER = "";
			};
			name = Debug;
		};
		38EBC8ECD17CD35F64C6C570 /* Release */ = {
			isa = XCBuildConfiguration;
			buildSettings = {
				ASSETCATALOG_COMPILER_APPICON_NAME = AppIcon;
				CODE_SIGN_ENTITLEMENTS = StackStatus/Resources/StackStatus.entitlements;
				COMBINE_HIDPI_IMAGES = YES;
				ENABLE_HARDENED_RUNTIME = YES;
				INFOPLIST_FILE = StackStatus/Resources/Info.plist;
				LD_RUNPATH_SEARCH_PATHS = (
					"$(inherited)",
					"@executable_path/../Frameworks",
				);
				PRODUCT_BUNDLE_IDENTIFIER = com.helpfullyit.stackstatus;
				PRODUCT_NAME = StackStatus;
				SDKROOT = macosx;
				SWIFT_OBJC_BRIDGING_HEADER = "";
			};
			name = Release;
		};
		598B341DA50C18035ED5FA1B /* Release */ = {
			isa = XCBuildConfiguration;
			buildSettings = {
				BUNDLE_LOADER = "$(TEST_HOST)";
				COMBINE_HIDPI_IMAGES = YES;
				LD_RUNPATH_SEARCH_PATHS = (
					"$(inherited)",
					"@executable_path/../Frameworks",
					"@loader_path/../Frameworks",
				);
				PRODUCT_BUNDLE_IDENTIFIER = com.helpfullyit.stackstatus.tests;
				SDKROOT = macosx;
				TEST_HOST = "$(BUILT_PRODUCTS_DIR)/StackStatus.app/Contents/MacOS/StackStatus";
			};
			name = Release;
		};
		7209C92707BE5925E69163D3 /* Debug */ = {
			isa = XCBuildConfiguration;
			buildSettings = {
				BUNDLE_LOADER = "$(TEST_HOST)";
				COMBINE_HIDPI_IMAGES = YES;
				LD_RUNPATH_SEARCH_PATHS = (
					"$(inherited)",
					"@executable_path/../Frameworks",
					"@loader_path/../Frameworks",
				);
				PRODUCT_BUNDLE_IDENTIFIER = com.helpfullyit.stackstatus.tests;
				SDKROOT = macosx;
				TEST_HOST = "$(BUILT_PRODUCTS_DIR)/StackStatus.app/Contents/MacOS/StackStatus";
			};
			name = Debug;
		};
		D6CBC8186029C504858682EC /* Release */ = {
			isa = XCBuildConfiguration;
			buildSettings = {
				ALWAYS_SEARCH_USER_PATHS = NO;
				CLANG_ANALYZER_NONNULL = YES;
				CLANG_ANALYZER_NUMBER_OBJECT_CONVERSION = YES_AGGRESSIVE;
				CLANG_CXX_LANGUAGE_STANDARD = "gnu++14";
				CLANG_CXX_LIBRARY = "libc++";
				CLANG_ENABLE_MODULES = YES;
				CLANG_ENABLE_OBJC_ARC = YES;
				CLANG_ENABLE_OBJC_WEAK = YES;
				CLANG_WARN_BLOCK_CAPTURE_AUTORELEASING = YES;
				CLANG_WARN_BOOL_CONVERSION = YES;
				CLANG_WARN_COMMA = YES;
				CLANG_WARN_CONSTANT_CONVERSION = YES;
				CLANG_WARN_DEPRECATED_OBJC_IMPLEMENTATIONS = YES;
				CLANG_WARN_DIRECT_OBJC_ISA_USAGE = YES_ERROR;
				CLANG_WARN_DOCUMENTATION_COMMENTS = YES;
				CLANG_WARN_EMPTY_BODY = YES;
				CLANG_WARN_ENUM_CONVERSION = YES;
				CLANG_WARN_INFINITE_RECURSION = YES;
				CLANG_WARN_INT_CONVERSION = YES;
				CLANG_WARN_NON_LITERAL_NULL_CONVERSION = YES;
				CLANG_WARN_OBJC_IMPLICIT_RETAIN_SELF = YES;
				CLANG_WARN_OBJC_LITERAL_CONVERSION = YES;
				CLANG_WARN_OBJC_ROOT_CLASS = YES_ERROR;
				CLANG_WARN_QUOTED_INCLUDE_IN_FRAMEWORK_HEADER = YES;
				CLANG_WARN_RANGE_LOOP_ANALYSIS = YES;
				CLANG_WARN_STRICT_PROTOTYPES = YES;
				CLANG_WARN_SUSPICIOUS_MOVE = YES;
				CLANG_WARN_UNGUARDED_AVAILABILITY = YES_AGGRESSIVE;
				CLANG_WARN_UNREACHABLE_CODE = YES;
				CLANG_WARN__DUPLICATE_METHOD_MATCH = YES;
				CODE_SIGN_STYLE = Automatic;
				COPY_PHASE_STRIP = NO;
				CURRENT_PROJECT_VERSION = 1;
				DEBUG_INFORMATION_FORMAT = "dwarf-with-dsym";
				DEVELOPMENT_TEAM = DFL38M27U3;
				ENABLE_NS_ASSERTIONS = NO;
				ENABLE_STRICT_OBJC_MSGSEND = YES;
				ENABLE_USER_SCRIPT_SANDBOXING = NO;
				GCC_C_LANGUAGE_STANDARD = gnu11;
				GCC_NO_COMMON_BLOCKS = YES;
				GCC_WARN_64_TO_32_BIT_CONVERSION = YES;
				GCC_WARN_ABOUT_RETURN_TYPE = YES_ERROR;
				GCC_WARN_UNDECLARED_SELECTOR = YES;
				GCC_WARN_UNINITIALIZED_AUTOS = YES_AGGRESSIVE;
				GCC_WARN_UNUSED_FUNCTION = YES;
				GCC_WARN_UNUSED_VARIABLE = YES;
				MACOSX_DEPLOYMENT_TARGET = 14.0;
				MARKETING_VERSION = 0.1.0;
				MTL_ENABLE_DEBUG_INFO = NO;
				MTL_FAST_MATH = YES;
				PRODUCT_NAME = "$(TARGET_NAME)";
				SDKROOT = macosx;
				SWIFT_COMPILATION_MODE = wholemodule;
				SWIFT_OPTIMIZATION_LEVEL = "-O";
				SWIFT_STRICT_CONCURRENCY = complete;
				SWIFT_VERSION = 5.0;
			};
			name = Release;
		};
/* End XCBuildConfiguration section */

/* Begin XCConfigurationList section */
		126962518671122F25E380F8 /* Build configuration list for PBXNativeTarget "StackStatusTests" */ = {
			isa = XCConfigurationList;
			buildConfigurations = (
				7209C92707BE5925E69163D3 /* Debug */,
				598B341DA50C18035ED5FA1B /* Release */,
			);
			defaultConfigurationIsVisible = 0;
			defaultConfigurationName = Debug;
		};
		BDC3F90BE3AAEB8D10BCCEBE /* Build configuration list for PBXNativeTarget "StackStatus" */ = {
			isa = XCConfigurationList;
			buildConfigurations = (
				1B169234361E90698A9AB950 /* Debug */,
				38EBC8ECD17CD35F64C6C570 /* Release */,
			);
			defaultConfigurationIsVisible = 0;
			defaultConfigurationName = Debug;
		};
		F7E8CCCF42F21CAC81032790 /* Build configuration list for PBXProject "StackStatus" */ = {
			isa = XCConfigurationList;
			buildConfigurations = (
				0FBE55A9C94E9728728715B4 /* Debug */,
				D6CBC8186029C504858682EC /* Release */,
			);
			defaultConfigurationIsVisible = 0;
			defaultConfigurationName = Debug;
		};
/* End XCConfigurationList section */
	};
	rootObject = 2FD286E76A6EAA7ECCCA5C75 /* Project object */;
}
